{
  "requires": true,
  "lockfileVersion": 1,
  "dependencies": {
    "blacklist": {
      "version": "1.1.4",
      "resolved": "https://registry.npmjs.org/blacklist/-/blacklist-1.1.4.tgz",
      "integrity": "sha1-st0J1hd2JbLKppg1o3somV+povI="
    },
    "dompurify": {
      "version": "0.8.9",
      "resolved": "https://registry.npmjs.org/dompurify/-/dompurify-0.8.9.tgz",
      "integrity": "sha1-/OwCH5F7UfQqeK9x14dae6UU/WQ="
    },
    "is-dom": {
      "version": "1.0.9",
      "resolved": "https://registry.npmjs.org/is-dom/-/is-dom-1.0.9.tgz",
      "integrity": "sha1-SDgy1SlyBz3hK5/j9gMghw2oNw0="
    },
    "redux-tooltip": {
      "version": "0.7.2",
      "resolved": "https://registry.npmjs.org/redux-tooltip/-/redux-tooltip-0.7.2.tgz",
      "integrity": "sha1-WdUbwOZbZ6DmE3pQqitOhRZS148=",
      "requires": {
        "blacklist": "^1.1.4",
        "dompurify": "^0.8.4",
        "is-dom": "^1.0.5"
      }
    }
  }
}
